
Microsoft Visual Studio Solution File, Format Version 12.00
# Visual Studio Version 16
VisualStudioVersion = 16.0.31402.337
MinimumVisualStudioVersion = 10.0.40219.1
Project("{FAE04EC0-301F-11D3-BF4B-00C04F79EFBC}") = "Macro", "Macro\Macro.csproj", "{A95BCCF7-0B02-4DA8-B364-68DF5C3B8C15}"
EndProject
Project("{54435603-DBB4-11D2-8724-00A0C9A8B90C}") = "SetupMacro", "SetupMacro\SetupMacro.vdproj", "{F557EE5C-C56E-4DA6-906B-087DC2A3283A}"
EndProject
Global
	GlobalSection(SolutionConfigurationPlatforms) = preSolution
		Debug|Any CPU = Debug|Any CPU
		Release|Any CPU = Release|Any CPU
	EndGlobalSection
	GlobalSection(ProjectConfigurationPlatforms) = postSolution
		{A95BCCF7-0B02-4DA8-B364-68DF5C3B8C15}.Debug|Any CPU.ActiveCfg = Debug|Any CPU
		{A95BCCF7-0B02-4DA8-B364-68DF5C3B8C15}.Debug|Any CPU.Build.0 = Debug|Any CPU
		{A95BCCF7-0B02-4DA8-B364-68DF5C3B8C15}.Release|Any CPU.ActiveCfg = Release|Any CPU
		{A95BCCF7-0B02-4DA8-B364-68DF5C3B8C15}.Release|Any CPU.Build.0 = Release|Any CPU
		{F557EE5C-C56E-4DA6-906B-087DC2A3283A}.Debug|Any CPU.ActiveCfg = Debug
		{F557EE5C-C56E-4DA6-906B-087DC2A3283A}.Release|Any CPU.ActiveCfg = Release
	EndGlobalSection
	GlobalSection(SolutionProperties) = preSolution
		HideSolutionNode = FALSE
	EndGlobalSection
	GlobalSection(ExtensibilityGlobals) = postSolution
		SolutionGuid = {9DCD01EC-7BA9-493F-8751-5B26CE01F8AC}
	EndGlobalSection
EndGlobal
